
Microsoft Visual Studio Solution File, Format Version 12.00
# Visual Studio Version 16
VisualStudioVersion = 16.0.30413.136
MinimumVisualStudioVersion = 10.0.40219.1
Project("{9A19103F-16F7-4668-BE54-9A1E7A4F7556}") = "Mabron.DiscordBots", "Mabron.DiscordBots\Mabron.DiscordBots.csproj", "{65C4E6F4-D644-47E9-92CB-EEED4A6DDEA1}"
EndProject
Project("{2150E333-8FDC-42A3-9474-1A3956D46DE8}") = "Games", "Games", "{77833598-8451-4970-A9D0-3E681A828233}"
EndProject
Project("{2150E333-8FDC-42A3-9474-1A3956D46DE8}") = "Werwolf", "Werwolf", "{A298E1B0-80BE-439B-8D1C-A55B07A7E792}"
EndProject
Project("{9A19103F-16F7-4668-BE54-9A1E7A4F7556}") = "Mabron.DiscordBots.Games.Werwolf.Base", "Mabron.DiscordBots.Games.Werwolf.Base\Mabron.DiscordBots.Games.Werwolf.Base.csproj", "{2CFDCB69-C568-4AC8-98BF-D589EF22ECCC}"
EndProject
Project("{9A19103F-16F7-4668-BE54-9A1E7A4F7556}") = "Mabron.DiscordBots.Games.Werwolf.Themes.Default", "Mabron.DiscordBots.Games.Werwolf.Themes.Default\Mabron.DiscordBots.Games.Werwolf.Themes.Default.csproj", "{341538E6-E275-4324-9054-81E6AC902BF1}"
EndProject
Project("{2150E333-8FDC-42A3-9474-1A3956D46DE8}") = "Solution Items", "Solution Items", "{BEEB51C1-A125-4039-8E0F-E28875269736}"
	ProjectSection(SolutionItems) = preProject
		.editorconfig = .editorconfig
	EndProjectSection
EndProject
Global
	GlobalSection(SolutionConfigurationPlatforms) = preSolution
		Debug|Any CPU = Debug|Any CPU
		DebugTest|Any CPU = DebugTest|Any CPU
		Release|Any CPU = Release|Any CPU
	EndGlobalSection
	GlobalSection(ProjectConfigurationPlatforms) = postSolution
		{65C4E6F4-D644-47E9-92CB-EEED4A6DDEA1}.Debug|Any CPU.ActiveCfg = Debug|Any CPU
		{65C4E6F4-D644-47E9-92CB-EEED4A6DDEA1}.Debug|Any CPU.Build.0 = Debug|Any CPU
		{65C4E6F4-D644-47E9-92CB-EEED4A6DDEA1}.DebugTest|Any CPU.ActiveCfg = DebugTest|Any CPU
		{65C4E6F4-D644-47E9-92CB-EEED4A6DDEA1}.DebugTest|Any CPU.Build.0 = DebugTest|Any CPU
		{65C4E6F4-D644-47E9-92CB-EEED4A6DDEA1}.Release|Any CPU.ActiveCfg = Release|Any CPU
		{65C4E6F4-D644-47E9-92CB-EEED4A6DDEA1}.Release|Any CPU.Build.0 = Release|Any CPU
		{2CFDCB69-C568-4AC8-98BF-D589EF22ECCC}.Debug|Any CPU.ActiveCfg = Debug|Any CPU
		{2CFDCB69-C568-4AC8-98BF-D589EF22ECCC}.Debug|Any CPU.Build.0 = Debug|Any CPU
		{2CFDCB69-C568-4AC8-98BF-D589EF22ECCC}.DebugTest|Any CPU.ActiveCfg = DebugTest|Any CPU
		{2CFDCB69-C568-4AC8-98BF-D589EF22ECCC}.DebugTest|Any CPU.Build.0 = DebugTest|Any CPU
		{2CFDCB69-C568-4AC8-98BF-D589EF22ECCC}.Release|Any CPU.ActiveCfg = Release|Any CPU
		{2CFDCB69-C568-4AC8-98BF-D589EF22ECCC}.Release|Any CPU.Build.0 = Release|Any CPU
		{341538E6-E275-4324-9054-81E6AC902BF1}.Debug|Any CPU.ActiveCfg = Debug|Any CPU
		{341538E6-E275-4324-9054-81E6AC902BF1}.Debug|Any CPU.Build.0 = Debug|Any CPU
		{341538E6-E275-4324-9054-81E6AC902BF1}.DebugTest|Any CPU.ActiveCfg = DebugTest|Any CPU
		{341538E6-E275-4324-9054-81E6AC902BF1}.DebugTest|Any CPU.Build.0 = DebugTest|Any CPU
		{341538E6-E275-4324-9054-81E6AC902BF1}.Release|Any CPU.ActiveCfg = Release|Any CPU
		{341538E6-E275-4324-9054-81E6AC902BF1}.Release|Any CPU.Build.0 = Release|Any CPU
	EndGlobalSection
	GlobalSection(SolutionProperties) = preSolution
		HideSolutionNode = FALSE
	EndGlobalSection
	GlobalSection(NestedProjects) = preSolution
		{A298E1B0-80BE-439B-8D1C-A55B07A7E792} = {77833598-8451-4970-A9D0-3E681A828233}
		{2CFDCB69-C568-4AC8-98BF-D589EF22ECCC} = {A298E1B0-80BE-439B-8D1C-A55B07A7E792}
		{341538E6-E275-4324-9054-81E6AC902BF1} = {A298E1B0-80BE-439B-8D1C-A55B07A7E792}
	EndGlobalSection
	GlobalSection(ExtensibilityGlobals) = postSolution
		SolutionGuid = {6D50BB47-5630-43A7-96C5-6F8300070931}
	EndGlobalSection
EndGlobal
